
Microsoft Visual Studio Solution File, Format Version 12.00
# Visual Studio Version 17
VisualStudioVersion = 17.8.34525.116
MinimumVisualStudioVersion = 10.0.40219.1
Project("{FAE04EC0-301F-11D3-BF4B-00C04F79EFBC}") = "Steamboat-Willie", "Steamboat-Willie\Steamboat-Willie.csproj", "{6E769B71-C8FC-4E5E-B08D-C7E971A59BAD}"
EndProject
Project("{FAE04EC0-301F-11D3-BF4B-00C04F79EFBC}") = "DataAccess", "DataAccess\DataAccess.csproj", "{C1FAE913-C043-4214-875C-8ED0E25F64B2}"
EndProject
Project("{FAE04EC0-301F-11D3-BF4B-00C04F79EFBC}") = "Infrastructure", "Infrastructure\Infrastructure.csproj", "{2F392CD4-217B-4CCE-9C68-5FF18F2B5347}"
EndProject
Project("{FAE04EC0-301F-11D3-BF4B-00C04F79EFBC}") = "Utility", "Utility\Utility.csproj", "{15854FC6-F7DC-4484-AD11-0C00BB08E490}"
EndProject
Global
	GlobalSection(SolutionConfigurationPlatforms) = preSolution
		Debug|Any CPU = Debug|Any CPU
		Release|Any CPU = Release|Any CPU
	EndGlobalSection
	GlobalSection(ProjectConfigurationPlatforms) = postSolution
		{6E769B71-C8FC-4E5E-B08D-C7E971A59BAD}.Debug|Any CPU.ActiveCfg = Debug|Any CPU
		{6E769B71-C8FC-4E5E-B08D-C7E971A59BAD}.Debug|Any CPU.Build.0 = Debug|Any CPU
		{6E769B71-C8FC-4E5E-B08D-C7E971A59BAD}.Release|Any CPU.ActiveCfg = Release|Any CPU
		{6E769B71-C8FC-4E5E-B08D-C7E971A59BAD}.Release|Any CPU.Build.0 = Release|Any CPU
		{C1FAE913-C043-4214-875C-8ED0E25F64B2}.Debug|Any CPU.ActiveCfg = Debug|Any CPU
		{C1FAE913-C043-4214-875C-8ED0E25F64B2}.Debug|Any CPU.Build.0 = Debug|Any CPU
		{C1FAE913-C043-4214-875C-8ED0E25F64B2}.Release|Any CPU.ActiveCfg = Release|Any CPU
		{C1FAE913-C043-4214-875C-8ED0E25F64B2}.Release|Any CPU.Build.0 = Release|Any CPU
		{2F392CD4-217B-4CCE-9C68-5FF18F2B5347}.Debug|Any CPU.ActiveCfg = Debug|Any CPU
		{2F392CD4-217B-4CCE-9C68-5FF18F2B5347}.Debug|Any CPU.Build.0 = Debug|Any CPU
		{2F392CD4-217B-4CCE-9C68-5FF18F2B5347}.Release|Any CPU.ActiveCfg = Release|Any CPU
		{2F392CD4-217B-4CCE-9C68-5FF18F2B5347}.Release|Any CPU.Build.0 = Release|Any CPU
		{15854FC6-F7DC-4484-AD11-0C00BB08E490}.Debug|Any CPU.ActiveCfg = Debug|Any CPU
		{15854FC6-F7DC-4484-AD11-0C00BB08E490}.Debug|Any CPU.Build.0 = Debug|Any CPU
		{15854FC6-F7DC-4484-AD11-0C00BB08E490}.Release|Any CPU.ActiveCfg = Release|Any CPU
		{15854FC6-F7DC-4484-AD11-0C00BB08E490}.Release|Any CPU.Build.0 = Release|Any CPU
	EndGlobalSection
	GlobalSection(SolutionProperties) = preSolution
		HideSolutionNode = FALSE
	EndGlobalSection
	GlobalSection(ExtensibilityGlobals) = postSolution
		SolutionGuid = {8F7AEE70-DDCC-4749-83E4-0AD8C24181FD}
	EndGlobalSection
EndGlobal
