
Microsoft Visual Studio Solution File, Format Version 12.00
# Visual Studio Version 17
VisualStudioVersion = 17.8.34525.116
MinimumVisualStudioVersion = 10.0.40219.1
Project("{9A19103F-16F7-4668-BE54-9A1E7A4F7556}") = "SteamboatWillieWeb", "SteamboatWillieWeb\SteamboatWillieWeb.csproj", "{E56AE358-E421-4539-B609-52C74EAE0842}"
EndProject
Project("{9A19103F-16F7-4668-BE54-9A1E7A4F7556}") = "DataAccess", "DataAccess\DataAccess.csproj", "{C7A67EF8-EF6F-4939-BB09-263574A62F72}"
EndProject
Project("{9A19103F-16F7-4668-BE54-9A1E7A4F7556}") = "Infrastructure", "Infrastructure\Infrastructure.csproj", "{A7718BB0-1EAE-4D66-9602-8AB0A5AEB35F}"
EndProject
Project("{9A19103F-16F7-4668-BE54-9A1E7A4F7556}") = "Utility", "Utility\Utility.csproj", "{1EEF2495-CB70-4958-AE26-532A43CBC589}"
EndProject
Global
	GlobalSection(SolutionConfigurationPlatforms) = preSolution
		Debug|Any CPU = Debug|Any CPU
		Release|Any CPU = Release|Any CPU
	EndGlobalSection
	GlobalSection(ProjectConfigurationPlatforms) = postSolution
		{E56AE358-E421-4539-B609-52C74EAE0842}.Debug|Any CPU.ActiveCfg = Debug|Any CPU
		{E56AE358-E421-4539-B609-52C74EAE0842}.Debug|Any CPU.Build.0 = Debug|Any CPU
		{E56AE358-E421-4539-B609-52C74EAE0842}.Release|Any CPU.ActiveCfg = Release|Any CPU
		{E56AE358-E421-4539-B609-52C74EAE0842}.Release|Any CPU.Build.0 = Release|Any CPU
		{C7A67EF8-EF6F-4939-BB09-263574A62F72}.Debug|Any CPU.ActiveCfg = Debug|Any CPU
		{C7A67EF8-EF6F-4939-BB09-263574A62F72}.Debug|Any CPU.Build.0 = Debug|Any CPU
		{C7A67EF8-EF6F-4939-BB09-263574A62F72}.Release|Any CPU.ActiveCfg = Release|Any CPU
		{C7A67EF8-EF6F-4939-BB09-263574A62F72}.Release|Any CPU.Build.0 = Release|Any CPU
		{A7718BB0-1EAE-4D66-9602-8AB0A5AEB35F}.Debug|Any CPU.ActiveCfg = Debug|Any CPU
		{A7718BB0-1EAE-4D66-9602-8AB0A5AEB35F}.Debug|Any CPU.Build.0 = Debug|Any CPU
		{A7718BB0-1EAE-4D66-9602-8AB0A5AEB35F}.Release|Any CPU.ActiveCfg = Release|Any CPU
		{A7718BB0-1EAE-4D66-9602-8AB0A5AEB35F}.Release|Any CPU.Build.0 = Release|Any CPU
		{1EEF2495-CB70-4958-AE26-532A43CBC589}.Debug|Any CPU.ActiveCfg = Debug|Any CPU
		{1EEF2495-CB70-4958-AE26-532A43CBC589}.Debug|Any CPU.Build.0 = Debug|Any CPU
		{1EEF2495-CB70-4958-AE26-532A43CBC589}.Release|Any CPU.ActiveCfg = Release|Any CPU
		{1EEF2495-CB70-4958-AE26-532A43CBC589}.Release|Any CPU.Build.0 = Release|Any CPU
	EndGlobalSection
	GlobalSection(SolutionProperties) = preSolution
		HideSolutionNode = FALSE
	EndGlobalSection
	GlobalSection(ExtensibilityGlobals) = postSolution
		SolutionGuid = {1CAAFD24-4652-4EB8-B13F-C716F1F95886}
	EndGlobalSection
EndGlobal
